// !$*UTF8*$!
{
	archiveVersion = 1;
	classes = {
	};
	objectVersion = 54;
	objects = {

/* Begin PBXBuildFile section */
		00E356F31AD99517003FC87E /* SuperWalletTests.m in Sources */ = {isa = PBXBuildFile; fileRef = 00E356F21AD99517003FC87E /* SuperWalletTests.m */; };
		13B07FBF1A68108700A75B9A /* Images.xcassets in Resources */ = {isa = PBXBuildFile; fileRef = 13B07FB51A68108700A75B9A /* Images.xcassets */; };
		13B07FC11A68108700A75B9A /* main.m in Sources */ = {isa = PBXBuildFile; fileRef = 13B07FB71A68108700A75B9A /* main.m */; };
		235AD61A950436D740D59D20 /* ExpoModulesProvider.swift in Sources */ = {isa = PBXBuildFile; fileRef = C5F0133CEF9F890610EC0F23 /* ExpoModulesProvider.swift */; };
		5D70A26D297EA9AB006A5A50 /* IBM-Plex-Mono-Bold.otf in Resources */ = {isa = PBXBuildFile; fileRef = 5D70A267297EA9AA006A5A50 /* IBM-Plex-Mono-Bold.otf */; };
		5D70A26F297EA9AB006A5A50 /* IBM-Plex-Sans-Bold.otf in Resources */ = {isa = PBXBuildFile; fileRef = 5D70A268297EA9AB006A5A50 /* IBM-Plex-Sans-Bold.otf */; };
		5D70A271297EA9AB006A5A50 /* IBM-Plex-Sans-Regular.otf in Resources */ = {isa = PBXBuildFile; fileRef = 5D70A269297EA9AB006A5A50 /* IBM-Plex-Sans-Regular.otf */; };
		5D70A273297EA9AB006A5A50 /* IBM-Plex-Sans-SemiBold.otf in Resources */ = {isa = PBXBuildFile; fileRef = 5D70A26A297EA9AB006A5A50 /* IBM-Plex-Sans-SemiBold.otf */; };
		5D70A275297EA9AB006A5A50 /* IBM-Plex-Mono-SemiBold.otf in Resources */ = {isa = PBXBuildFile; fileRef = 5D70A26B297EA9AB006A5A50 /* IBM-Plex-Mono-SemiBold.otf */; };
		5D70A277297EA9AB006A5A50 /* IBM-Plex-Mono-Regular.otf in Resources */ = {isa = PBXBuildFile; fileRef = 5D70A26C297EA9AB006A5A50 /* IBM-Plex-Mono-Regular.otf */; };
		5D70A27A297EB3C5006A5A50 /* Celias.otf in Resources */ = {isa = PBXBuildFile; fileRef = 5D70A279297EB3C5006A5A50 /* Celias.otf */; };
		5D70A27C297EB442006A5A50 /* Celias-Bold.otf in Resources */ = {isa = PBXBuildFile; fileRef = 5D70A27B297EB442006A5A50 /* Celias-Bold.otf */; };
		5D70A27F297EB4E5006A5A50 /* Celias-Light.otf in Resources */ = {isa = PBXBuildFile; fileRef = 5D70A27D297EB4E5006A5A50 /* Celias-Light.otf */; };
		5D70A280297EB4E5006A5A50 /* Celias-Medium.otf in Resources */ = {isa = PBXBuildFile; fileRef = 5D70A27E297EB4E5006A5A50 /* Celias-Medium.otf */; };
		8157629A29BF7F3800C5F183 /* BootSplash.storyboard in Resources */ = {isa = PBXBuildFile; fileRef = 8157629929BF7F3800C5F183 /* BootSplash.storyboard */; };
		8157629B29BF7F3800C5F183 /* BootSplash.storyboard in Resources */ = {isa = PBXBuildFile; fileRef = 8157629929BF7F3800C5F183 /* BootSplash.storyboard */; };
		81AF3A652BAAD55B0094A86E /* PrivacyInfo.xcprivacy in Resources */ = {isa = PBXBuildFile; fileRef = 81AF3A642BAAD55B0094A86E /* PrivacyInfo.xcprivacy */; };
		B6B8DD0CC752DB4DED5A3F9F /* libPods-SuperWallet.a in Frameworks */ = {isa = PBXBuildFile; fileRef = 5E41AAECF5DF464753490346 /* libPods-SuperWallet.a */; };
		D37417BB2B19FB54002724D7 /* BootTimeModule.swift in Sources */ = {isa = PBXBuildFile; fileRef = D37417BA2B19FB54002724D7 /* BootTimeModule.swift */; };
		D37417BC2B19FB54002724D7 /* BootTimeModule.swift in Sources */ = {isa = PBXBuildFile; fileRef = D37417BA2B19FB54002724D7 /* BootTimeModule.swift */; };
		D37417BE2B19FB72002724D7 /* BootTimeModule.m in Sources */ = {isa = PBXBuildFile; fileRef = D37417BD2B19FB72002724D7 /* BootTimeModule.m */; };
		D37417BF2B19FB72002724D7 /* BootTimeModule.m in Sources */ = {isa = PBXBuildFile; fileRef = D37417BD2B19FB72002724D7 /* BootTimeModule.m */; };
		D3BD2A172C3EAAB700792CBB /* CloudBackupModule.m in Sources */ = {isa = PBXBuildFile; fileRef = D3BD2A162C3EAAB700792CBB /* CloudBackupModule.m */; };
		D3BD2A192C3EAAC400792CBB /* CloudBackupModule.swift in Sources */ = {isa = PBXBuildFile; fileRef = D3BD2A182C3EAAC400792CBB /* CloudBackupModule.swift */; };
		D3C8A2F02B8D49EC00A8A59C /* WalletGradientViewManager.m in Sources */ = {isa = PBXBuildFile; fileRef = D3C8A2EF2B8D49EC00A8A59C /* WalletGradientViewManager.m */; };
		D3C8A2F42B8D4F8B00A8A59C /* SwiftUIWrapper.swift in Sources */ = {isa = PBXBuildFile; fileRef = D3C8A2F32B8D4F8B00A8A59C /* SwiftUIWrapper.swift */; };
		D3C8A2F92B8E77E600A8A59C /* MainGradientViewManager.swift in Sources */ = {isa = PBXBuildFile; fileRef = D3C8A2F82B8E77E600A8A59C /* MainGradientViewManager.swift */; };
		D3C8A2FB2B8E782C00A8A59C /* SheetGradientViewManager.swift in Sources */ = {isa = PBXBuildFile; fileRef = D3C8A2FA2B8E782C00A8A59C /* SheetGradientViewManager.swift */; };
		E5F5FAAE28181BE60076D6DA /* AppDelegate.mm in Sources */ = {isa = PBXBuildFile; fileRef = E5F5FAAD28181BE60076D6DA /* AppDelegate.mm */; };
/* End PBXBuildFile section */

/* Begin PBXContainerItemProxy section */
		00E356F41AD99517003FC87E /* PBXContainerItemProxy */ = {
			isa = PBXContainerItemProxy;
			containerPortal = 83CBB9F71A601CBA00E9B192 /* Project object */;
			proxyType = 1;
			remoteGlobalIDString = 13B07F861A680F5B00A75B9A;
			remoteInfo = SuperWallet;
		};
/* End PBXContainerItemProxy section */

/* Begin PBXFileReference section */
		00E356EE1AD99517003FC87E /* SuperWalletTests.xctest */ = {isa = PBXFileReference; explicitFileType = wrapper.cfbundle; includeInIndex = 0; path = SuperWalletTests.xctest; sourceTree = BUILT_PRODUCTS_DIR; };
		00E356F11AD99517003FC87E /* Info.plist */ = {isa = PBXFileReference; lastKnownFileType = text.plist.xml; path = Info.plist; sourceTree = "<group>"; };
		00E356F21AD99517003FC87E /* SuperWalletTests.m */ = {isa = PBXFileReference; lastKnownFileType = sourcecode.c.objc; path = SuperWalletTests.m; sourceTree = "<group>"; };
		13B07F961A680F5B00A75B9A /* SuperWallet.app */ = {isa = PBXFileReference; explicitFileType = wrapper.application; includeInIndex = 0; path = SuperWallet.app; sourceTree = BUILT_PRODUCTS_DIR; };
		13B07FAF1A68108700A75B9A /* AppDelegate.h */ = {isa = PBXFileReference; fileEncoding = 4; lastKnownFileType = sourcecode.c.h; name = AppDelegate.h; path = SuperWallet/AppDelegate.h; sourceTree = "<group>"; };
		13B07FB51A68108700A75B9A /* Images.xcassets */ = {isa = PBXFileReference; lastKnownFileType = folder.assetcatalog; name = Images.xcassets; path = SuperWallet/Images.xcassets; sourceTree = "<group>"; };
		13B07FB61A68108700A75B9A /* Info.plist */ = {isa = PBXFileReference; fileEncoding = 4; lastKnownFileType = text.plist.xml; name = Info.plist; path = SuperWallet/Info.plist; sourceTree = "<group>"; };
		13B07FB71A68108700A75B9A /* main.m */ = {isa = PBXFileReference; fileEncoding = 4; lastKnownFileType = sourcecode.c.objc; name = main.m; path = SuperWallet/main.m; sourceTree = "<group>"; };
		2A5E47A94EDD8F53A5E72134 /* Pods-SuperWallet.release.xcconfig */ = {isa = PBXFileReference; includeInIndex = 1; lastKnownFileType = text.xcconfig; name = "Pods-SuperWallet.release.xcconfig"; path = "Target Support Files/Pods-SuperWallet/Pods-SuperWallet.release.xcconfig"; sourceTree = "<group>"; };
		5D70A267297EA9AA006A5A50 /* IBM-Plex-Mono-Bold.otf */ = {isa = PBXFileReference; lastKnownFileType = file; name = "IBM-Plex-Mono-Bold.otf"; path = "../src/assets/fonts/IBM-Plex-Mono-Bold.otf"; sourceTree = "<group>"; };
		5D70A268297EA9AB006A5A50 /* IBM-Plex-Sans-Bold.otf */ = {isa = PBXFileReference; lastKnownFileType = file; name = "IBM-Plex-Sans-Bold.otf"; path = "../src/assets/fonts/IBM-Plex-Sans-Bold.otf"; sourceTree = "<group>"; };
		5D70A269297EA9AB006A5A50 /* IBM-Plex-Sans-Regular.otf */ = {isa = PBXFileReference; lastKnownFileType = file; name = "IBM-Plex-Sans-Regular.otf"; path = "../src/assets/fonts/IBM-Plex-Sans-Regular.otf"; sourceTree = "<group>"; };
		5D70A26A297EA9AB006A5A50 /* IBM-Plex-Sans-SemiBold.otf */ = {isa = PBXFileReference; lastKnownFileType = file; name = "IBM-Plex-Sans-SemiBold.otf"; path = "../src/assets/fonts/IBM-Plex-Sans-SemiBold.otf"; sourceTree = "<group>"; };
		5D70A26B297EA9AB006A5A50 /* IBM-Plex-Mono-SemiBold.otf */ = {isa = PBXFileReference; lastKnownFileType = file; name = "IBM-Plex-Mono-SemiBold.otf"; path = "../src/assets/fonts/IBM-Plex-Mono-SemiBold.otf"; sourceTree = "<group>"; };
		5D70A26C297EA9AB006A5A50 /* IBM-Plex-Mono-Regular.otf */ = {isa = PBXFileReference; lastKnownFileType = file; name = "IBM-Plex-Mono-Regular.otf"; path = "../src/assets/fonts/IBM-Plex-Mono-Regular.otf"; sourceTree = "<group>"; };
		5D70A279297EB3C5006A5A50 /* Celias.otf */ = {isa = PBXFileReference; lastKnownFileType = file; name = Celias.otf; path = ../src/assets/fonts/Celias.otf; sourceTree = "<group>"; };
		5D70A27B297EB442006A5A50 /* Celias-Bold.otf */ = {isa = PBXFileReference; lastKnownFileType = file; name = "Celias-Bold.otf"; path = "../src/assets/fonts/Celias-Bold.otf"; sourceTree = "<group>"; };
		5D70A27D297EB4E5006A5A50 /* Celias-Light.otf */ = {isa = PBXFileReference; lastKnownFileType = file; name = "Celias-Light.otf"; path = "../src/assets/fonts/Celias-Light.otf"; sourceTree = "<group>"; };
		5D70A27E297EB4E5006A5A50 /* Celias-Medium.otf */ = {isa = PBXFileReference; lastKnownFileType = file; name = "Celias-Medium.otf"; path = "../src/assets/fonts/Celias-Medium.otf"; sourceTree = "<group>"; };
		5E41AAECF5DF464753490346 /* libPods-SuperWallet.a */ = {isa = PBXFileReference; explicitFileType = archive.ar; includeInIndex = 0; path = "libPods-SuperWallet.a"; sourceTree = BUILT_PRODUCTS_DIR; };
		8157629929BF7F3800C5F183 /* BootSplash.storyboard */ = {isa = PBXFileReference; fileEncoding = 4; lastKnownFileType = file.storyboard; name = BootSplash.storyboard; path = SuperWallet/BootSplash.storyboard; sourceTree = "<group>"; };
		81AF3A642BAAD55B0094A86E /* PrivacyInfo.xcprivacy */ = {isa = PBXFileReference; lastKnownFileType = text.xml; path = PrivacyInfo.xcprivacy; sourceTree = "<group>"; };
		839A1BB01AF8D2E3EABAD942 /* Pods-SuperWallet.debug.xcconfig */ = {isa = PBXFileReference; includeInIndex = 1; lastKnownFileType = text.xcconfig; name = "Pods-SuperWallet.debug.xcconfig"; path = "Target Support Files/Pods-SuperWallet/Pods-SuperWallet.debug.xcconfig"; sourceTree = "<group>"; };
		B249D6612940A49100073CAE /* SuperWallet.entitlements */ = {isa = PBXFileReference; lastKnownFileType = text.plist.entitlements; name = SuperWallet.entitlements; path = SuperWallet/SuperWallet.entitlements; sourceTree = "<group>"; };
		C5F0133CEF9F890610EC0F23 /* ExpoModulesProvider.swift */ = {isa = PBXFileReference; includeInIndex = 1; lastKnownFileType = sourcecode.swift; name = ExpoModulesProvider.swift; path = "Pods/Target Support Files/Pods-SuperWallet/ExpoModulesProvider.swift"; sourceTree = "<group>"; };
		D37417B92B19FB54002724D7 /* SuperWalletTests-Bridging-Header.h */ = {isa = PBXFileReference; lastKnownFileType = sourcecode.c.h; path = "SuperWalletTests-Bridging-Header.h"; sourceTree = "<group>"; };
		D37417BA2B19FB54002724D7 /* BootTimeModule.swift */ = {isa = PBXFileReference; lastKnownFileType = sourcecode.swift; path = BootTimeModule.swift; sourceTree = "<group>"; };
		D37417BD2B19FB72002724D7 /* BootTimeModule.m */ = {isa = PBXFileReference; lastKnownFileType = sourcecode.c.objc; path = BootTimeModule.m; sourceTree = "<group>"; };
		D3BD2A162C3EAAB700792CBB /* CloudBackupModule.m */ = {isa = PBXFileReference; lastKnownFileType = sourcecode.c.objc; path = CloudBackupModule.m; sourceTree = "<group>"; };
		D3BD2A182C3EAAC400792CBB /* CloudBackupModule.swift */ = {isa = PBXFileReference; lastKnownFileType = sourcecode.swift; path = CloudBackupModule.swift; sourceTree = "<group>"; };
		D3C8A2EF2B8D49EC00A8A59C /* WalletGradientViewManager.m */ = {isa = PBXFileReference; lastKnownFileType = sourcecode.c.objc; path = WalletGradientViewManager.m; sourceTree = "<group>"; };
		D3C8A2F32B8D4F8B00A8A59C /* SwiftUIWrapper.swift */ = {isa = PBXFileReference; lastKnownFileType = sourcecode.swift; path = SwiftUIWrapper.swift; sourceTree = "<group>"; };
		D3C8A2F82B8E77E600A8A59C /* MainGradientViewManager.swift */ = {isa = PBXFileReference; lastKnownFileType = sourcecode.swift; path = MainGradientViewManager.swift; sourceTree = "<group>"; };
		D3C8A2FA2B8E782C00A8A59C /* SheetGradientViewManager.swift */ = {isa = PBXFileReference; lastKnownFileType = sourcecode.swift; path = SheetGradientViewManager.swift; sourceTree = "<group>"; };
		E5F5FAAD28181BE60076D6DA /* AppDelegate.mm */ = {isa = PBXFileReference; fileEncoding = 4; lastKnownFileType = sourcecode.cpp.objcpp; name = AppDelegate.mm; path = SuperWallet/AppDelegate.mm; sourceTree = "<group>"; };
		ED297162215061F000B7C4FE /* JavaScriptCore.framework */ = {isa = PBXFileReference; lastKnownFileType = wrapper.framework; name = JavaScriptCore.framework; path = System/Library/Frameworks/JavaScriptCore.framework; sourceTree = SDKROOT; };
/* End PBXFileReference section */

/* Begin PBXFrameworksBuildPhase section */
		00E356EB1AD99517003FC87E /* Frameworks */ = {
			isa = PBXFrameworksBuildPhase;
			buildActionMask = 2147483647;
			files = (
			);
			runOnlyForDeploymentPostprocessing = 0;
		};
		13B07F8C1A680F5B00A75B9A /* Frameworks */ = {
			isa = PBXFrameworksBuildPhase;
			buildActionMask = 2147483647;
			files = (
				B6B8DD0CC752DB4DED5A3F9F /* libPods-SuperWallet.a in Frameworks */,
			);
			runOnlyForDeploymentPostprocessing = 0;
		};
/* End PBXFrameworksBuildPhase section */

/* Begin PBXGroup section */
		00E356EF1AD99517003FC87E /* SuperWalletTests */ = {
			isa = PBXGroup;
			children = (
				00E356F21AD99517003FC87E /* SuperWalletTests.m */,
				00E356F01AD99517003FC87E /* Supporting Files */,
			);
			path = SuperWalletTests;
			sourceTree = "<group>";
		};
		00E356F01AD99517003FC87E /* Supporting Files */ = {
			isa = PBXGroup;
			children = (
				00E356F11AD99517003FC87E /* Info.plist */,
			);
			name = "Supporting Files";
			sourceTree = "<group>";
		};
		121CDB35D7516B92B834A7AA /* ExpoModulesProviders */ = {
			isa = PBXGroup;
			children = (
				7D96B3C5B373CBDA3E402195 /* SuperWallet */,
			);
			name = ExpoModulesProviders;
			sourceTree = "<group>";
		};
		13B07FAE1A68108700A75B9A /* SuperWallet */ = {
			isa = PBXGroup;
			children = (
				D3BD2A152C3EAA6300792CBB /* CloudBackup */,
				D3C8A2F52B8E770C00A8A59C /* WalletGradient */,
				D37417C02B1A06E1002724D7 /* BootTime */,
				90B59F5F294B7833009B2401 /* fonts */,
				B249D6612940A49100073CAE /* SuperWallet.entitlements */,
				E5F5FAAD28181BE60076D6DA /* AppDelegate.mm */,
				13B07FAF1A68108700A75B9A /* AppDelegate.h */,
				13B07FB51A68108700A75B9A /* Images.xcassets */,
				13B07FB61A68108700A75B9A /* Info.plist */,
				13B07FB71A68108700A75B9A /* main.m */,
				8157629929BF7F3800C5F183 /* BootSplash.storyboard */,
				D37417B92B19FB54002724D7 /* SuperWalletTests-Bridging-Header.h */,
			);
			name = SuperWallet;
			sourceTree = "<group>";
		};
		2D16E6871FA4F8E400B85C8A /* Frameworks */ = {
			isa = PBXGroup;
			children = (
				ED297162215061F000B7C4FE /* JavaScriptCore.framework */,
				5E41AAECF5DF464753490346 /* libPods-SuperWallet.a */,
			);
			name = Frameworks;
			sourceTree = "<group>";
		};
		7D96B3C5B373CBDA3E402195 /* SuperWallet */ = {
			isa = PBXGroup;
			children = (
				C5F0133CEF9F890610EC0F23 /* ExpoModulesProvider.swift */,
			);
			name = SuperWallet;
			sourceTree = "<group>";
		};
		832341AE1AAA6A7D00B99B32 /* Libraries */ = {
			isa = PBXGroup;
			children = (
			);
			name = Libraries;
			sourceTree = "<group>";
		};
		83CBB9F61A601CBA00E9B192 = {
			isa = PBXGroup;
			children = (
				81AF3A642BAAD55B0094A86E /* PrivacyInfo.xcprivacy */,
				13B07FAE1A68108700A75B9A /* SuperWallet */,
				832341AE1AAA6A7D00B99B32 /* Libraries */,
				00E356EF1AD99517003FC87E /* SuperWalletTests */,
				83CBBA001A601CBA00E9B192 /* Products */,
				2D16E6871FA4F8E400B85C8A /* Frameworks */,
				B72B9E19D87DB54FD0FE7BD3 /* Pods */,
				121CDB35D7516B92B834A7AA /* ExpoModulesProviders */,
			);
			indentWidth = 2;
			sourceTree = "<group>";
			tabWidth = 2;
			usesTabs = 0;
		};
		83CBBA001A601CBA00E9B192 /* Products */ = {
			isa = PBXGroup;
			children = (
				13B07F961A680F5B00A75B9A /* SuperWallet.app */,
				00E356EE1AD99517003FC87E /* SuperWalletTests.xctest */,
			);
			name = Products;
			sourceTree = "<group>";
		};
		90B59F5F294B7833009B2401 /* fonts */ = {
			isa = PBXGroup;
			children = (
				5D70A27D297EB4E5006A5A50 /* Celias-Light.otf */,
				5D70A27E297EB4E5006A5A50 /* Celias-Medium.otf */,
				5D70A27B297EB442006A5A50 /* Celias-Bold.otf */,
				5D70A279297EB3C5006A5A50 /* Celias.otf */,
				5D70A267297EA9AA006A5A50 /* IBM-Plex-Mono-Bold.otf */,
				5D70A26C297EA9AB006A5A50 /* IBM-Plex-Mono-Regular.otf */,
				5D70A26B297EA9AB006A5A50 /* IBM-Plex-Mono-SemiBold.otf */,
				5D70A268297EA9AB006A5A50 /* IBM-Plex-Sans-Bold.otf */,
				5D70A269297EA9AB006A5A50 /* IBM-Plex-Sans-Regular.otf */,
				5D70A26A297EA9AB006A5A50 /* IBM-Plex-Sans-SemiBold.otf */,
			);
			name = fonts;
			sourceTree = "<group>";
		};
		B72B9E19D87DB54FD0FE7BD3 /* Pods */ = {
			isa = PBXGroup;
			children = (
				839A1BB01AF8D2E3EABAD942 /* Pods-SuperWallet.debug.xcconfig */,
				2A5E47A94EDD8F53A5E72134 /* Pods-SuperWallet.release.xcconfig */,
			);
			path = Pods;
			sourceTree = "<group>";
		};
		D37417C02B1A06E1002724D7 /* BootTime */ = {
			isa = PBXGroup;
			children = (
				D37417BA2B19FB54002724D7 /* BootTimeModule.swift */,
				D37417BD2B19FB72002724D7 /* BootTimeModule.m */,
			);
			name = BootTime;
			sourceTree = "<group>";
		};
		D3BD2A152C3EAA6300792CBB /* CloudBackup */ = {
			isa = PBXGroup;
			children = (
				D3BD2A162C3EAAB700792CBB /* CloudBackupModule.m */,
				D3BD2A182C3EAAC400792CBB /* CloudBackupModule.swift */,
			);
			path = CloudBackup;
			sourceTree = "<group>";
		};
		D3C8A2F52B8E770C00A8A59C /* WalletGradient */ = {
			isa = PBXGroup;
			children = (
				D3C8A2EF2B8D49EC00A8A59C /* WalletGradientViewManager.m */,
				D3C8A2F32B8D4F8B00A8A59C /* SwiftUIWrapper.swift */,
				D3C8A2F82B8E77E600A8A59C /* MainGradientViewManager.swift */,
				D3C8A2FA2B8E782C00A8A59C /* SheetGradientViewManager.swift */,
			);
			name = WalletGradient;
			sourceTree = "<group>";
		};
/* End PBXGroup section */

/* Begin PBXNativeTarget section */
		00E356ED1AD99517003FC87E /* SuperWalletTests */ = {
			isa = PBXNativeTarget;
			buildConfigurationList = 00E357021AD99517003FC87E /* Build configuration list for PBXNativeTarget "SuperWalletTests" */;
			buildPhases = (
				00E356EA1AD99517003FC87E /* Sources */,
				00E356EB1AD99517003FC87E /* Frameworks */,
				00E356EC1AD99517003FC87E /* Resources */,
			);
			buildRules = (
			);
			dependencies = (
				00E356F51AD99517003FC87E /* PBXTargetDependency */,
			);
			name = SuperWalletTests;
			productName = SuperWalletTests;
			productReference = 00E356EE1AD99517003FC87E /* SuperWalletTests.xctest */;
			productType = "com.apple.product-type.bundle.unit-test";
		};
		13B07F861A680F5B00A75B9A /* SuperWallet */ = {
			isa = PBXNativeTarget;
			buildConfigurationList = 13B07F931A680F5B00A75B9A /* Build configuration list for PBXNativeTarget "SuperWallet" */;
			buildPhases = (
				F4BA7332E81E7C04772DB75B /* [CP] Check Pods Manifest.lock */,
				FD10A7F022414F080027D42C /* Start Packager */,
				1E495878561826DB700DD66D /* [Expo] Configure project */,
				13B07F871A680F5B00A75B9A /* Sources */,
				13B07F8C1A680F5B00A75B9A /* Frameworks */,
				13B07F8E1A680F5B00A75B9A /* Resources */,
				00DD1BFF1BD5951E006B06BC /* Bundle React Native code and images */,
				652D4726EE539F73D256CB36 /* [CP] Embed Pods Frameworks */,
				C8EF1CC4A9B2278FB29FCB27 /* [CP] Copy Pods Resources */,
			);
			buildRules = (
			);
			dependencies = (
			);
			name = SuperWallet;
			productName = SuperWallet;
			productReference = 13B07F961A680F5B00A75B9A /* SuperWallet.app */;
			productType = "com.apple.product-type.application";
		};
/* End PBXNativeTarget section */

/* Begin PBXProject section */
		83CBB9F71A601CBA00E9B192 /* Project object */ = {
			isa = PBXProject;
			attributes = {
				LastUpgradeCheck = 1340;
				TargetAttributes = {
					00E356ED1AD99517003FC87E = {
						CreatedOnToolsVersion = 6.2;
						LastSwiftMigration = 1500;
						TestTargetID = 13B07F861A680F5B00A75B9A;
					};
					13B07F861A680F5B00A75B9A = {
						LastSwiftMigration = 1120;
					};
				};
			};
			buildConfigurationList = 83CBB9FA1A601CBA00E9B192 /* Build configuration list for PBXProject "SuperWallet" */;
			compatibilityVersion = "Xcode 12.0";
			developmentRegion = en;
			hasScannedForEncodings = 0;
			knownRegions = (
				en,
				Base,
			);
			mainGroup = 83CBB9F61A601CBA00E9B192;
			productRefGroup = 83CBBA001A601CBA00E9B192 /* Products */;
			projectDirPath = "";
			projectRoot = "";
			targets = (
				13B07F861A680F5B00A75B9A /* SuperWallet */,
				00E356ED1AD99517003FC87E /* SuperWalletTests */,
			);
		};
/* End PBXProject section */

/* Begin PBXResourcesBuildPhase section */
		00E356EC1AD99517003FC87E /* Resources */ = {
			isa = PBXResourcesBuildPhase;
			buildActionMask = 2147483647;
			files = (
				8157629B29BF7F3800C5F183 /* BootSplash.storyboard in Resources */,
			);
			runOnlyForDeploymentPostprocessing = 0;
		};
		13B07F8E1A680F5B00A75B9A /* Resources */ = {
			isa = PBXResourcesBuildPhase;
			buildActionMask = 2147483647;
			files = (
				5D70A26F297EA9AB006A5A50 /* IBM-Plex-Sans-Bold.otf in Resources */,
				5D70A27A297EB3C5006A5A50 /* Celias.otf in Resources */,
				8157629A29BF7F3800C5F183 /* BootSplash.storyboard in Resources */,
				81AF3A652BAAD55B0094A86E /* PrivacyInfo.xcprivacy in Resources */,
				5D70A27C297EB442006A5A50 /* Celias-Bold.otf in Resources */,
				5D70A27F297EB4E5006A5A50 /* Celias-Light.otf in Resources */,
				5D70A271297EA9AB006A5A50 /* IBM-Plex-Sans-Regular.otf in Resources */,
				5D70A26D297EA9AB006A5A50 /* IBM-Plex-Mono-Bold.otf in Resources */,
				5D70A277297EA9AB006A5A50 /* IBM-Plex-Mono-Regular.otf in Resources */,
				5D70A275297EA9AB006A5A50 /* IBM-Plex-Mono-SemiBold.otf in Resources */,
				5D70A273297EA9AB006A5A50 /* IBM-Plex-Sans-SemiBold.otf in Resources */,
				13B07FBF1A68108700A75B9A /* Images.xcassets in Resources */,
				5D70A280297EB4E5006A5A50 /* Celias-Medium.otf in Resources */,
			);
			runOnlyForDeploymentPostprocessing = 0;
		};
/* End PBXResourcesBuildPhase section */

/* Begin PBXShellScriptBuildPhase section */
		00DD1BFF1BD5951E006B06BC /* Bundle React Native code and images */ = {
			isa = PBXShellScriptBuildPhase;
			buildActionMask = 2147483647;
			files = (
			);
			inputPaths = (
			);
			name = "Bundle React Native code and images";
			outputPaths = (
			);
			runOnlyForDeploymentPostprocessing = 0;
			shellPath = /bin/sh;
			shellScript = "set -e\n\nWITH_ENVIRONMENT=\"$REACT_NATIVE_PATH/scripts/xcode/with-environment.sh\"\nREACT_NATIVE_XCODE=\"$REACT_NATIVE_PATH/scripts/react-native-xcode.sh\"\n\n/bin/sh -c \"$WITH_ENVIRONMENT $REACT_NATIVE_XCODE\"\n";
		};
		1E495878561826DB700DD66D /* [Expo] Configure project */ = {
			isa = PBXShellScriptBuildPhase;
			alwaysOutOfDate = 1;
			buildActionMask = 2147483647;
			files = (
			);
			inputFileListPaths = (
			);
			inputPaths = (
			);
			name = "[Expo] Configure project";
			outputFileListPaths = (
			);
			outputPaths = (
			);
			runOnlyForDeploymentPostprocessing = 0;
			shellPath = /bin/sh;
			shellScript = "# This script configures Expo modules and generates the modules provider file.\nbash -l -c \"./Pods/Target\\ Support\\ Files/Pods-SuperWallet/expo-configure-project.sh\"\n";
		};
		652D4726EE539F73D256CB36 /* [CP] Embed Pods Frameworks */ = {
			isa = PBXShellScriptBuildPhase;
			buildActionMask = 2147483647;
			files = (
			);
			inputFileListPaths = (
				"${PODS_ROOT}/Target Support Files/Pods-SuperWallet/Pods-SuperWallet-frameworks-${CONFIGURATION}-input-files.xcfilelist",
			);
			name = "[CP] Embed Pods Frameworks";
			outputFileListPaths = (
				"${PODS_ROOT}/Target Support Files/Pods-SuperWallet/Pods-SuperWallet-frameworks-${CONFIGURATION}-output-files.xcfilelist",
			);
			runOnlyForDeploymentPostprocessing = 0;
			shellPath = /bin/sh;
			shellScript = "\"${PODS_ROOT}/Target Support Files/Pods-SuperWallet/Pods-SuperWallet-frameworks.sh\"\n";
			showEnvVarsInLog = 0;
		};
		C8EF1CC4A9B2278FB29FCB27 /* [CP] Copy Pods Resources */ = {
			isa = PBXShellScriptBuildPhase;
			buildActionMask = 2147483647;
			files = (
			);
			inputFileListPaths = (
				"${PODS_ROOT}/Target Support Files/Pods-SuperWallet/Pods-SuperWallet-resources-${CONFIGURATION}-input-files.xcfilelist",
			);
			name = "[CP] Copy Pods Resources";
			outputFileListPaths = (
				"${PODS_ROOT}/Target Support Files/Pods-SuperWallet/Pods-SuperWallet-resources-${CONFIGURATION}-output-files.xcfilelist",
			);
			runOnlyForDeploymentPostprocessing = 0;
			shellPath = /bin/sh;
			shellScript = "\"${PODS_ROOT}/Target Support Files/Pods-SuperWallet/Pods-SuperWallet-resources.sh\"\n";
			showEnvVarsInLog = 0;
		};
		F4BA7332E81E7C04772DB75B /* [CP] Check Pods Manifest.lock */ = {
			isa = PBXShellScriptBuildPhase;
			buildActionMask = 2147483647;
			files = (
			);
			inputFileListPaths = (
			);
			inputPaths = (
				"${PODS_PODFILE_DIR_PATH}/Podfile.lock",
				"${PODS_ROOT}/Manifest.lock",
			);
			name = "[CP] Check Pods Manifest.lock";
			outputFileListPaths = (
			);
			outputPaths = (
				"$(DERIVED_FILE_DIR)/Pods-SuperWallet-checkManifestLockResult.txt",
			);
			runOnlyForDeploymentPostprocessing = 0;
			shellPath = /bin/sh;
			shellScript = "diff \"${PODS_PODFILE_DIR_PATH}/Podfile.lock\" \"${PODS_ROOT}/Manifest.lock\" > /dev/null\nif [ $? != 0 ] ; then\n    # print error to STDERR\n    echo \"error: The sandbox is not in sync with the Podfile.lock. Run 'pod install' or update your CocoaPods installation.\" >&2\n    exit 1\nfi\n# This output is used by Xcode 'outputs' to avoid re-running this script phase.\necho \"SUCCESS\" > \"${SCRIPT_OUTPUT_FILE_0}\"\n";
			showEnvVarsInLog = 0;
		};
		FD10A7F022414F080027D42C /* Start Packager */ = {
			isa = PBXShellScriptBuildPhase;
			buildActionMask = 2147483647;
			files = (
			);
			inputFileListPaths = (
			);
			inputPaths = (
			);
			name = "Start Packager";
			outputFileListPaths = (
			);
			outputPaths = (
			);
			runOnlyForDeploymentPostprocessing = 0;
			shellPath = /bin/sh;
			shellScript = "export RCT_METRO_PORT=\"${RCT_METRO_PORT:=8081}\"\necho \"export RCT_METRO_PORT=${RCT_METRO_PORT}\" > \"${SRCROOT}/../node_modules/react-native/scripts/.packager.env\"\nif [ -z \"${RCT_NO_LAUNCH_PACKAGER+xxx}\" ] ; then\n  if nc -w 5 -z localhost ${RCT_METRO_PORT} ; then\n    if ! curl -s \"http://localhost:${RCT_METRO_PORT}/status\" | grep -q \"packager-status:running\" ; then\n      echo \"Port ${RCT_METRO_PORT} already in use, packager is either not running or not running correctly\"\n      exit 2\n    fi\n  else\n    open \"$SRCROOT/../node_modules/react-native/scripts/launchPackager.command\" || echo \"Can't start packager automatically\"\n  fi\nfi\n";
			showEnvVarsInLog = 0;
		};
/* End PBXShellScriptBuildPhase section */

/* Begin PBXSourcesBuildPhase section */
		00E356EA1AD99517003FC87E /* Sources */ = {
			isa = PBXSourcesBuildPhase;
			buildActionMask = 2147483647;
			files = (
				D37417BC2B19FB54002724D7 /* BootTimeModule.swift in Sources */,
				00E356F31AD99517003FC87E /* SuperWalletTests.m in Sources */,
				D37417BF2B19FB72002724D7 /* BootTimeModule.m in Sources */,
			);
			runOnlyForDeploymentPostprocessing = 0;
		};
		13B07F871A680F5B00A75B9A /* Sources */ = {
			isa = PBXSourcesBuildPhase;
			buildActionMask = 2147483647;
			files = (
				D37417BB2B19FB54002724D7 /* BootTimeModule.swift in Sources */,
				D3C8A2F02B8D49EC00A8A59C /* WalletGradientViewManager.m in Sources */,
				D3BD2A192C3EAAC400792CBB /* CloudBackupModule.swift in Sources */,
				D3BD2A172C3EAAB700792CBB /* CloudBackupModule.m in Sources */,
				E5F5FAAE28181BE60076D6DA /* AppDelegate.mm in Sources */,
				13B07FC11A68108700A75B9A /* main.m in Sources */,
				D3C8A2FB2B8E782C00A8A59C /* SheetGradientViewManager.swift in Sources */,
				D37417BE2B19FB72002724D7 /* BootTimeModule.m in Sources */,
				D3C8A2F42B8D4F8B00A8A59C /* SwiftUIWrapper.swift in Sources */,
				235AD61A950436D740D59D20 /* ExpoModulesProvider.swift in Sources */,
				D3C8A2F92B8E77E600A8A59C /* MainGradientViewManager.swift in Sources */,
			);
			runOnlyForDeploymentPostprocessing = 0;
		};
/* End PBXSourcesBuildPhase section */

/* Begin PBXTargetDependency section */
		00E356F51AD99517003FC87E /* PBXTargetDependency */ = {
			isa = PBXTargetDependency;
			target = 13B07F861A680F5B00A75B9A /* SuperWallet */;
			targetProxy = 00E356F41AD99517003FC87E /* PBXContainerItemProxy */;
		};
/* End PBXTargetDependency section */

/* Begin XCBuildConfiguration section */
		00E356F61AD99517003FC87E /* Debug */ = {
			isa = XCBuildConfiguration;
			buildSettings = {
				ALWAYS_EMBED_SWIFT_STANDARD_LIBRARIES = YES;
				BUNDLE_LOADER = "$(TEST_HOST)";
				CLANG_ENABLE_MODULES = YES;
				GCC_PREPROCESSOR_DEFINITIONS = (
					"DEBUG=1",
					"$(inherited)",
				);
				INFOPLIST_FILE = SuperWalletTests/Info.plist;
				IPHONEOS_DEPLOYMENT_TARGET = 15.0;
				LD_RUNPATH_SEARCH_PATHS = (
					"$(inherited)",
					"@executable_path/Frameworks",
					"@loader_path/Frameworks",
				);
				LIBRARY_SEARCH_PATHS = (
					"$(SDKROOT)/usr/lib/swift",
					"$(inherited)",
				);
				OTHER_LDFLAGS = (
					"-ObjC",
					"-lc++",
					"$(inherited)",
				);
				OTHER_SWIFT_FLAGS = "$(inherited) -D EXPO_CONFIGURATION_DEBUG";
				PRODUCT_BUNDLE_IDENTIFIER = "org.reactjs.native.example.$(PRODUCT_NAME:rfc1034identifier)";
				PRODUCT_NAME = "$(TARGET_NAME)";
				SWIFT_OBJC_BRIDGING_HEADER = "SuperWalletTests-Bridging-Header.h";
				SWIFT_OPTIMIZATION_LEVEL = "-Onone";
				SWIFT_VERSION = 5.0;
				TEST_HOST = "$(BUILT_PRODUCTS_DIR)/SuperWallet.app/SuperWallet";
			};
			name = Debug;
		};
		00E356F71AD99517003FC87E /* Release */ = {
			isa = XCBuildConfiguration;
			buildSettings = {
				ALWAYS_EMBED_SWIFT_STANDARD_LIBRARIES = YES;
				BUNDLE_LOADER = "$(TEST_HOST)";
				CLANG_ENABLE_MODULES = YES;
				COPY_PHASE_STRIP = NO;
				DEVELOPMENT_TEAM = "";
				INFOPLIST_FILE = SuperWalletTests/Info.plist;
				IPHONEOS_DEPLOYMENT_TARGET = 15.0;
				LD_RUNPATH_SEARCH_PATHS = (
					"$(inherited)",
					"@executable_path/Frameworks",
					"@loader_path/Frameworks",
				);
				LIBRARY_SEARCH_PATHS = (
					"$(SDKROOT)/usr/lib/swift",
					"$(inherited)",
				);
				OTHER_LDFLAGS = (
					"-ObjC",
					"-lc++",
					"$(inherited)",
				);
				OTHER_SWIFT_FLAGS = "$(inherited) -D EXPO_CONFIGURATION_RELEASE";
				PRODUCT_BUNDLE_IDENTIFIER = "org.reactjs.native.example.$(PRODUCT_NAME:rfc1034identifier)";
				PRODUCT_NAME = "$(TARGET_NAME)";
				SWIFT_OBJC_BRIDGING_HEADER = "SuperWalletTests-Bridging-Header.h";
				SWIFT_VERSION = 5.0;
				TEST_HOST = "$(BUILT_PRODUCTS_DIR)/SuperWallet.app/SuperWallet";
			};
			name = Release;
		};
		13B07F941A680F5B00A75B9A /* Debug */ = {
			isa = XCBuildConfiguration;
			baseConfigurationReference = 839A1BB01AF8D2E3EABAD942 /* Pods-SuperWallet.debug.xcconfig */;
			buildSettings = {
				ASSETCATALOG_COMPILER_APPICON_NAME = AppIcon;
				CLANG_ENABLE_MODULES = YES;
				CODE_SIGN_ENTITLEMENTS = SuperWallet/SuperWallet.entitlements;
				CODE_SIGN_IDENTITY = "iPhone Developer";
				"CODE_SIGN_IDENTITY[sdk=iphoneos*]" = "iPhone Developer";
				CODE_SIGN_STYLE = Manual;
				CURRENT_PROJECT_VERSION = 112;
				DEVELOPMENT_TEAM = "";
				ENABLE_BITCODE = NO;
				INFOPLIST_FILE = SuperWallet/Info.plist;
				IPHONEOS_DEPLOYMENT_TARGET = 15.0;
				LD_RUNPATH_SEARCH_PATHS = (
					"$(inherited)",
					"@executable_path/Frameworks",
				);
				LIBRARY_SEARCH_PATHS = (
					"$(SDKROOT)/usr/lib/swift",
					"$(inherited)",
				);
				ONLY_ACTIVE_ARCH = YES;
				OTHER_LDFLAGS = (
					"$(inherited)",
					"-ObjC",
					"-lc++",
				);
				OTHER_SWIFT_FLAGS = "$(inherited) -D EXPO_CONFIGURATION_DEBUG";
				PRODUCT_BUNDLE_IDENTIFIER = com.kraken.superwallet.app;
				PRODUCT_NAME = SuperWallet;
				PROVISIONING_PROFILE_SPECIFIER = "";
				SWIFT_OPTIMIZATION_LEVEL = "-Onone";
				SWIFT_VERSION = 5.0;
				TARGETED_DEVICE_FAMILY = 1;
				VERSIONING_SYSTEM = "apple-generic";
			};
			name = Debug;
		};
		13B07F951A680F5B00A75B9A /* Release */ = {
			isa = XCBuildConfiguration;
			baseConfigurationReference = 2A5E47A94EDD8F53A5E72134 /* Pods-SuperWallet.release.xcconfig */;
			buildSettings = {
				ASSETCATALOG_COMPILER_APPICON_NAME = AppIcon;
				CLANG_ENABLE_MODULES = YES;
				CODE_SIGN_ENTITLEMENTS = SuperWallet/SuperWallet.entitlements;
				CODE_SIGN_IDENTITY = "iPhone Developer";
				"CODE_SIGN_IDENTITY[sdk=iphoneos*]" = "iPhone Developer";
				CODE_SIGN_STYLE = Manual;
				CURRENT_PROJECT_VERSION = 1670411101;
				DEVELOPMENT_TEAM = "";
				INFOPLIST_FILE = SuperWallet/Info.plist;
				IPHONEOS_DEPLOYMENT_TARGET = 15.0;
				LD_RUNPATH_SEARCH_PATHS = (
					"$(inherited)",
					"@executable_path/Frameworks",
				);
				LIBRARY_SEARCH_PATHS = (
					"$(SDKROOT)/usr/lib/swift",
					"$(inherited)",
				);
				OTHER_LDFLAGS = (
					"$(inherited)",
					"-ObjC",
					"-lc++",
				);
				OTHER_SWIFT_FLAGS = "$(inherited) -D EXPO_CONFIGURATION_RELEASE";
				PRODUCT_BUNDLE_IDENTIFIER = com.kraken.superwallet.app;
				PRODUCT_NAME = SuperWallet;
				PROVISIONING_PROFILE_SPECIFIER = "";
				SWIFT_VERSION = 5.0;
				TARGETED_DEVICE_FAMILY = 1;
				VERSIONING_SYSTEM = "apple-generic";
			};
			name = Release;
		};
		83CBBA201A601CBA00E9B192 /* Debug */ = {
			isa = XCBuildConfiguration;
			buildSettings = {
				ALWAYS_SEARCH_USER_PATHS = NO;
				CC = "";
				CLANG_ANALYZER_LOCALIZABILITY_NONLOCALIZED = YES;
				CLANG_CXX_LANGUAGE_STANDARD = "c++20";
				CLANG_CXX_LIBRARY = "libc++";
				CLANG_ENABLE_MODULES = YES;
				CLANG_ENABLE_OBJC_ARC = YES;
				CLANG_WARN_BLOCK_CAPTURE_AUTORELEASING = YES;
				CLANG_WARN_BOOL_CONVERSION = YES;
				CLANG_WARN_COMMA = YES;
				CLANG_WARN_CONSTANT_CONVERSION = YES;
				CLANG_WARN_DEPRECATED_OBJC_IMPLEMENTATIONS = YES;
				CLANG_WARN_DIRECT_OBJC_ISA_USAGE = YES_ERROR;
				CLANG_WARN_EMPTY_BODY = YES;
				CLANG_WARN_ENUM_CONVERSION = YES;
				CLANG_WARN_INFINITE_RECURSION = YES;
				CLANG_WARN_INT_CONVERSION = YES;
				CLANG_WARN_NON_LITERAL_NULL_CONVERSION = YES;
				CLANG_WARN_OBJC_IMPLICIT_RETAIN_SELF = YES;
				CLANG_WARN_OBJC_LITERAL_CONVERSION = YES;
				CLANG_WARN_OBJC_ROOT_CLASS = YES_ERROR;
				CLANG_WARN_QUOTED_INCLUDE_IN_FRAMEWORK_HEADER = YES;
				CLANG_WARN_RANGE_LOOP_ANALYSIS = YES;
				CLANG_WARN_STRICT_PROTOTYPES = YES;
				CLANG_WARN_SUSPICIOUS_MOVE = YES;
				CLANG_WARN_UNREACHABLE_CODE = YES;
				CLANG_WARN__DUPLICATE_METHOD_MATCH = YES;
				CODE_SIGN_IDENTITY = "iPhone Developer";
				"CODE_SIGN_IDENTITY[sdk=iphoneos*]" = "iPhone Developer";
				COPY_PHASE_STRIP = NO;
				CXX = "";
				ENABLE_STRICT_OBJC_MSGSEND = YES;
				ENABLE_TESTABILITY = YES;
				"EXCLUDED_ARCHS[sdk=iphoneos15.5]" = i386;
				"EXCLUDED_ARCHS[sdk=iphonesimulator*]" = i386;
				GCC_C_LANGUAGE_STANDARD = gnu99;
				GCC_DYNAMIC_NO_PIC = NO;
				GCC_NO_COMMON_BLOCKS = YES;
				GCC_OPTIMIZATION_LEVEL = 0;
				GCC_PREPROCESSOR_DEFINITIONS = (
					"DEBUG=1",
					"$(inherited)",
					_LIBCPP_ENABLE_CXX17_REMOVED_UNARY_BINARY_FUNCTION,
				);
				GCC_SYMBOLS_PRIVATE_EXTERN = NO;
				GCC_WARN_64_TO_32_BIT_CONVERSION = YES;
				GCC_WARN_ABOUT_RETURN_TYPE = YES_ERROR;
				GCC_WARN_UNDECLARED_SELECTOR = YES;
				GCC_WARN_UNINITIALIZED_AUTOS = YES_AGGRESSIVE;
				GCC_WARN_UNUSED_FUNCTION = YES;
				GCC_WARN_UNUSED_VARIABLE = YES;
				IPHONEOS_DEPLOYMENT_TARGET = 15.0;
				LD = "";
				LDPLUSPLUS = "";
				LD_RUNPATH_SEARCH_PATHS = (
					/usr/lib/swift,
					"$(inherited)",
				);
				LIBRARY_SEARCH_PATHS = (
					"$(SDKROOT)/usr/lib/swift",
					"\"$(TOOLCHAIN_DIR)/usr/lib/swift/$(PLATFORM_NAME)\"",
					"\"$(inherited)\"",
				);
				MTL_ENABLE_DEBUG_INFO = YES;
				ONLY_ACTIVE_ARCH = YES;
				OTHER_CFLAGS = "$(inherited)";
				OTHER_CPLUSPLUSFLAGS = "$(inherited)";
				OTHER_LDFLAGS = (
					"$(inherited)",
					"-Wl",
					"-ld_classic",
				);
				REACT_NATIVE_PATH = "${PODS_ROOT}/../../node_modules/react-native";
				SDKROOT = iphoneos;
				USE_HERMES = true;
			};
			name = Debug;
		};
		83CBBA211A601CBA00E9B192 /* Release */ = {
			isa = XCBuildConfiguration;
			buildSettings = {
				ALWAYS_SEARCH_USER_PATHS = NO;
				CC = "";
				CLANG_ANALYZER_LOCALIZABILITY_NONLOCALIZED = YES;
				CLANG_CXX_LANGUAGE_STANDARD = "c++20";
				CLANG_CXX_LIBRARY = "libc++";
				CLANG_ENABLE_MODULES = YES;
				CLANG_ENABLE_OBJC_ARC = YES;
				CLANG_WARN_BLOCK_CAPTURE_AUTORELEASING = YES;
				CLANG_WARN_BOOL_CONVERSION = YES;
				CLANG_WARN_COMMA = YES;
				CLANG_WARN_CONSTANT_CONVERSION = YES;
				CLANG_WARN_DEPRECATED_OBJC_IMPLEMENTATIONS = YES;
				CLANG_WARN_DIRECT_OBJC_ISA_USAGE = YES_ERROR;
				CLANG_WARN_EMPTY_BODY = YES;
				CLANG_WARN_ENUM_CONVERSION = YES;
				CLANG_WARN_INFINITE_RECURSION = YES;
				CLANG_WARN_INT_CONVERSION = YES;
				CLANG_WARN_NON_LITERAL_NULL_CONVERSION = YES;
				CLANG_WARN_OBJC_IMPLICIT_RETAIN_SELF = YES;
				CLANG_WARN_OBJC_LITERAL_CONVERSION = YES;
				CLANG_WARN_OBJC_ROOT_CLASS = YES_ERROR;
				CLANG_WARN_QUOTED_INCLUDE_IN_FRAMEWORK_HEADER = YES;
				CLANG_WARN_RANGE_LOOP_ANALYSIS = YES;
				CLANG_WARN_STRICT_PROTOTYPES = YES;
				CLANG_WARN_SUSPICIOUS_MOVE = YES;
				CLANG_WARN_UNREACHABLE_CODE = YES;
				CLANG_WARN__DUPLICATE_METHOD_MATCH = YES;
				CODE_SIGN_IDENTITY = "iPhone Developer";
				"CODE_SIGN_IDENTITY[sdk=iphoneos*]" = "iPhone Developer";
				COPY_PHASE_STRIP = YES;
				CXX = "";
				ENABLE_NS_ASSERTIONS = NO;
				ENABLE_STRICT_OBJC_MSGSEND = YES;
				ENABLE_TESTABILITY = NO;
				"EXCLUDED_ARCHS[sdk=iphoneos15.5]" = i386;
				"EXCLUDED_ARCHS[sdk=iphonesimulator*]" = i386;
				GCC_C_LANGUAGE_STANDARD = gnu99;
				GCC_NO_COMMON_BLOCKS = YES;
				GCC_PREPROCESSOR_DEFINITIONS = (
					"$(inherited)",
					_LIBCPP_ENABLE_CXX17_REMOVED_UNARY_BINARY_FUNCTION,
				);
				GCC_WARN_64_TO_32_BIT_CONVERSION = YES;
				GCC_WARN_ABOUT_RETURN_TYPE = YES_ERROR;
				GCC_WARN_UNDECLARED_SELECTOR = YES;
				GCC_WARN_UNINITIALIZED_AUTOS = YES_AGGRESSIVE;
				GCC_WARN_UNUSED_FUNCTION = YES;
				GCC_WARN_UNUSED_VARIABLE = YES;
				IPHONEOS_DEPLOYMENT_TARGET = 15.0;
				LD = "";
				LDPLUSPLUS = "";
				LD_RUNPATH_SEARCH_PATHS = (
					/usr/lib/swift,
					"$(inherited)",
				);
				LIBRARY_SEARCH_PATHS = (
					"$(SDKROOT)/usr/lib/swift",
					"\"$(TOOLCHAIN_DIR)/usr/lib/swift/$(PLATFORM_NAME)\"",
					"\"$(inherited)\"",
				);
				MTL_ENABLE_DEBUG_INFO = NO;
				ONLY_ACTIVE_ARCH = YES;
				OTHER_CFLAGS = "$(inherited)";
				OTHER_CPLUSPLUSFLAGS = "$(inherited)";
				OTHER_LDFLAGS = (
					"$(inherited)",
					"-Wl",
					"-ld_classic",
				);
				REACT_NATIVE_PATH = "${PODS_ROOT}/../../node_modules/react-native";
				SDKROOT = iphoneos;
				USE_HERMES = true;
				VALIDATE_PRODUCT = NO;
			};
			name = Release;
		};
/* End XCBuildConfiguration section */

/* Begin XCConfigurationList section */
		00E357021AD99517003FC87E /* Build configuration list for PBXNativeTarget "SuperWalletTests" */ = {
			isa = XCConfigurationList;
			buildConfigurations = (
				00E356F61AD99517003FC87E /* Debug */,
				00E356F71AD99517003FC87E /* Release */,
			);
			defaultConfigurationIsVisible = 0;
			defaultConfigurationName = Release;
		};
		13B07F931A680F5B00A75B9A /* Build configuration list for PBXNativeTarget "SuperWallet" */ = {
			isa = XCConfigurationList;
			buildConfigurations = (
				13B07F941A680F5B00A75B9A /* Debug */,
				13B07F951A680F5B00A75B9A /* Release */,
			);
			defaultConfigurationIsVisible = 0;
			defaultConfigurationName = Release;
		};
		83CBB9FA1A601CBA00E9B192 /* Build configuration list for PBXProject "SuperWallet" */ = {
			isa = XCConfigurationList;
			buildConfigurations = (
				83CBBA201A601CBA00E9B192 /* Debug */,
				83CBBA211A601CBA00E9B192 /* Release */,
			);
			defaultConfigurationIsVisible = 0;
			defaultConfigurationName = Release;
		};
/* End XCConfigurationList section */
	};
	rootObject = 83CBB9F71A601CBA00E9B192 /* Project object */;
}
